lockfileVersion: 5.4

specifiers:
  hbs: ^4.2.0
  node: ^18.7.0

dependencies:
  hbs: 4.2.0
  node: 18.7.0

packages:

  /foreachasync/3.0.0:
    resolution: {integrity: sha512-J+ler7Ta54FwwNcx6wQRDhTIbNeyDcARMkOcguEqnEdtm0jKvN3Li3PDAb2Du3ubJYEWfYL83XMROXdsXAXycw==}
    dev: false

  /handlebars/4.7.7:
    resolution: {integrity: sha512-aAcXm5OAfE/8IXkcZvCepKU3VzW1/39Fb5ZuqMtgI/hT8X2YgoMvBY5dLhq/cpOvw7Lk1nK/UF71aLG/ZnVYRA==}
    engines: {node: '>=0.4.7'}
    hasBin: true
    dependencies:
      minimist: 1.2.6
      neo-async: 2.6.2
      source-map: 0.6.1
      wordwrap: 1.0.0
    optionalDependencies:
      uglify-js: 3.16.3
    dev: false

  /hbs/4.2.0:
    resolution: {integrity: sha512-dQwHnrfWlTk5PvG9+a45GYpg0VpX47ryKF8dULVd6DtwOE6TEcYQXQ5QM6nyOx/h7v3bvEQbdn19EDAcfUAgZg==}
    engines: {node: '>= 0.8', npm: 1.2.8000 || >= 1.4.16}
    dependencies:
      handlebars: 4.7.7
      walk: 2.3.15
    dev: false

  /minimist/1.2.6:
    resolution: {integrity: sha512-Jsjnk4bw3YJqYzbdyBiNsPWHPfO++UGG749Cxs6peCu5Xg4nrena6OVxOYxrQTqww0Jmwt+Ref8rggumkTLz9Q==}
    dev: false

  /neo-async/2.6.2:
    resolution: {integrity: sha512-Yd3UES5mWCSqR+qNT93S3UoYUkqAZ9lLg8a7g9rimsWmYGK8cVToA4/sF3RrshdyV3sAGMXVUmpMYOw+dLpOuw==}
    dev: false

  /node-bin-setup/1.1.0:
    resolution: {integrity: sha512-pTeU6NgUrexiLNtd+AKwvg6cngHMvj5FZ5e2bbv2ogBSIc9yhkXSSaTScfSRZnwHIh5YFmYSYlemLWkiKD7rog==}
    dev: false

  /node/18.7.0:
    resolution: {integrity: sha512-h5wBtW3jnRfJzAfKldQ3lp9V8EOmbS9EHg00nUlUWWVeMtX8NGyaYB3L+AnPAGNjgWSPPDHcsqJAwlysyGiZ0g==}
    engines: {npm: '>=5.0.0'}
    hasBin: true
    requiresBuild: true
    dependencies:
      node-bin-setup: 1.1.0
    dev: false

  /source-map/0.6.1:
    resolution: {integrity: sha512-UjgapumWlbMhkBgzT7Ykc5YXUT46F0iKu8SGXq0bcwP5dz/h0Plj6enJqjz1Zbq2l5WaqYnrVbwWOWMyF3F47g==}
    engines: {node: '>=0.10.0'}
    dev: false

  /uglify-js/3.16.3:
    resolution: {integrity: sha512-uVbFqx9vvLhQg0iBaau9Z75AxWJ8tqM9AV890dIZCLApF4rTcyHwmAvLeEdYRs+BzYWu8Iw81F79ah0EfTXbaw==}
    engines: {node: '>=0.8.0'}
    hasBin: true
    requiresBuild: true
    dev: false
    optional: true

  /walk/2.3.15:
    resolution: {integrity: sha512-4eRTBZljBfIISK1Vnt69Gvr2w/wc3U6Vtrw7qiN5iqYJPH7LElcYh/iU4XWhdCy2dZqv1ToMyYlybDylfG/5Vg==}
    dependencies:
      foreachasync: 3.0.0
    dev: false

  /wordwrap/1.0.0:
    resolution: {integrity: sha512-gvVzJFlPycKc5dZN4yPkP8w7Dc37BtP1yczEneOb4uq34pXZcvrtRTmWV8W+Ume+XCxKgbjM+nevkyFPMybd4Q==}
    dev: false
